
Microsoft Visual Studio Solution File, Format Version 12.00
# Visual Studio 15
Project("{FAE04EC0-301F-11D3-BF4B-00C04F79EFBC}") = "Assembly-CSharp", "Assembly-CSharp.csproj", "{84C7C1D1-9F0D-1CAC-E343-36CFADBB637E}"
EndProject
Project("{FAE04EC0-301F-11D3-BF4B-00C04F79EFBC}") = "WaterSystem", "WaterSystem.csproj", "{B3D77C9E-DA7E-37F5-4496-3F73796192E3}"
EndProject
Project("{FAE04EC0-301F-11D3-BF4B-00C04F79EFBC}") = "WaterSystem.Editor", "WaterSystem.Editor.csproj", "{BC4D266C-6165-DA5B-45DA-4C6BE811FD1D}"
EndProject
Project("{FAE04EC0-301F-11D3-BF4B-00C04F79EFBC}") = "Assembly-CSharp-Editor", "Assembly-CSharp-Editor.csproj", "{F4C204E8-1F15-662D-D228-D6F8F41E53DC}"
EndProject
Global
	GlobalSection(SolutionConfigurationPlatforms) = preSolution
		Debug|Any CPU = Debug|Any CPU
		Release|Any CPU = Release|Any CPU
	EndGlobalSection
	GlobalSection(ProjectConfigurationPlatforms) = postSolution
		{84C7C1D1-9F0D-1CAC-E343-36CFADBB637E}.Debug|Any CPU.ActiveCfg = Debug|Any CPU
		{84C7C1D1-9F0D-1CAC-E343-36CFADBB637E}.Debug|Any CPU.Build.0 = Debug|Any CPU
		{84C7C1D1-9F0D-1CAC-E343-36CFADBB637E}.Release|Any CPU.ActiveCfg = Release|Any CPU
		{84C7C1D1-9F0D-1CAC-E343-36CFADBB637E}.Release|Any CPU.Build.0 = Release|Any CPU
		{B3D77C9E-DA7E-37F5-4496-3F73796192E3}.Debug|Any CPU.ActiveCfg = Debug|Any CPU
		{B3D77C9E-DA7E-37F5-4496-3F73796192E3}.Debug|Any CPU.Build.0 = Debug|Any CPU
		{B3D77C9E-DA7E-37F5-4496-3F73796192E3}.Release|Any CPU.ActiveCfg = Release|Any CPU
		{B3D77C9E-DA7E-37F5-4496-3F73796192E3}.Release|Any CPU.Build.0 = Release|Any CPU
		{BC4D266C-6165-DA5B-45DA-4C6BE811FD1D}.Debug|Any CPU.ActiveCfg = Debug|Any CPU
		{BC4D266C-6165-DA5B-45DA-4C6BE811FD1D}.Debug|Any CPU.Build.0 = Debug|Any CPU
		{BC4D266C-6165-DA5B-45DA-4C6BE811FD1D}.Release|Any CPU.ActiveCfg = Release|Any CPU
		{BC4D266C-6165-DA5B-45DA-4C6BE811FD1D}.Release|Any CPU.Build.0 = Release|Any CPU
		{F4C204E8-1F15-662D-D228-D6F8F41E53DC}.Debug|Any CPU.ActiveCfg = Debug|Any CPU
		{F4C204E8-1F15-662D-D228-D6F8F41E53DC}.Debug|Any CPU.Build.0 = Debug|Any CPU
		{F4C204E8-1F15-662D-D228-D6F8F41E53DC}.Release|Any CPU.ActiveCfg = Release|Any CPU
		{F4C204E8-1F15-662D-D228-D6F8F41E53DC}.Release|Any CPU.Build.0 = Release|Any CPU
	EndGlobalSection
	GlobalSection(SolutionProperties) = preSolution
		HideSolutionNode = FALSE
	EndGlobalSection
EndGlobal
